
Microsoft Visual Studio Solution File, Format Version 12.00
# Visual Studio 15
VisualStudioVersion = 15.0.27004.2005
MinimumVisualStudioVersion = 10.0.40219.1
Project("{2150E333-8FDC-42A3-9474-1A3956D46DE8}") = "src", "src", "{B0FEDF17-CC06-4CF8-B3C8-3C620D04613C}"
EndProject
Project("{2150E333-8FDC-42A3-9474-1A3956D46DE8}") = "Solution Items", "Solution Items", "{1D1F28D2-F3A4-4C09-A8D2-0A925E7D8048}"
EndProject
Project("{2150E333-8FDC-42A3-9474-1A3956D46DE8}") = "test", "test", "{134C7D85-8D73-4D48-8BC1-898A022B181D}"
EndProject
Project("{2150E333-8FDC-42A3-9474-1A3956D46DE8}") = "WebApps", "WebApps", "{1C5E7D1F-CAD8-4F4D-B3C6-B148C004158C}"
EndProject
Project("{2150E333-8FDC-42A3-9474-1A3956D46DE8}") = "samples", "samples", "{6ADA035F-1021-4109-9121-88A1B03F9C31}"
EndProject
Project("{9A19103F-16F7-4668-BE54-9A1E7A4F7556}") = "ExplicitlyImpl.AspNetCore.Mvc.FluentActions", "src\ExplicitlyImpl.AspNetCore.Mvc.FluentActions\ExplicitlyImpl.AspNetCore.Mvc.FluentActions.csproj", "{9D1DDFFE-7EEE-47B1-A48C-BB4229013E15}"
EndProject
Project("{9A19103F-16F7-4668-BE54-9A1E7A4F7556}") = "ExplicitlyImpl.AspNetCore.Mvc.FluentActions.Core", "src\ExplicitlyImpl.AspNetCore.Mvc.FluentActions.Core\ExplicitlyImpl.AspNetCore.Mvc.FluentActions.Core.csproj", "{0AAD1080-1475-45A2-AB49-06AC34740324}"
EndProject
Project("{9A19103F-16F7-4668-BE54-9A1E7A4F7556}") = "ExplicitlyImpl.FluentActions.Test.UnitTests", "test\ExplicitlyImpl.FluentActions.Test.UnitTests\ExplicitlyImpl.FluentActions.Test.UnitTests.csproj", "{C8D70B6D-6EFC-4778-A541-CC55D9D02F38}"
EndProject
Project("{9A19103F-16F7-4668-BE54-9A1E7A4F7556}") = "ExplicitlyImpl.FluentActions.Test.Utils", "test\ExplicitlyImpl.FluentActions.Test.Utils\ExplicitlyImpl.FluentActions.Test.Utils.csproj", "{2221D993-5E27-448B-AF09-BCEDE4CFFEAA}"
EndProject
Project("{9A19103F-16F7-4668-BE54-9A1E7A4F7556}") = "SimpleMvc", "test\WebApps\SimpleMvc\SimpleMvc.csproj", "{97CDE61B-8C69-412D-91B9-D61F1DEA0987}"
EndProject
Project("{9A19103F-16F7-4668-BE54-9A1E7A4F7556}") = "SimpleApi", "test\WebApps\SimpleApi\SimpleApi.csproj", "{6C8BA3E6-4EBA-445D-96BC-96ADFC7D7450}"
EndProject
Project("{9A19103F-16F7-4668-BE54-9A1E7A4F7556}") = "HelloWorld", "samples\HelloWorld\HelloWorld.csproj", "{93D8DE43-1881-40A2-B865-8805E3C1BE2A}"
EndProject
Project("{FAE04EC0-301F-11D3-BF4B-00C04F79EFBC}") = "MvcTemplate", "samples\MvcTemplate\MvcTemplate.csproj", "{E809B957-2EAC-447B-A798-CBF4DBA9F6FD}"
EndProject
Global
	GlobalSection(SolutionConfigurationPlatforms) = preSolution
		Debug|Any CPU = Debug|Any CPU
		Release|Any CPU = Release|Any CPU
	EndGlobalSection
	GlobalSection(ProjectConfigurationPlatforms) = postSolution
		{9D1DDFFE-7EEE-47B1-A48C-BB4229013E15}.Debug|Any CPU.ActiveCfg = Debug|Any CPU
		{9D1DDFFE-7EEE-47B1-A48C-BB4229013E15}.Debug|Any CPU.Build.0 = Debug|Any CPU
		{9D1DDFFE-7EEE-47B1-A48C-BB4229013E15}.Release|Any CPU.ActiveCfg = Release|Any CPU
		{9D1DDFFE-7EEE-47B1-A48C-BB4229013E15}.Release|Any CPU.Build.0 = Release|Any CPU
		{0AAD1080-1475-45A2-AB49-06AC34740324}.Debug|Any CPU.ActiveCfg = Debug|Any CPU
		{0AAD1080-1475-45A2-AB49-06AC34740324}.Debug|Any CPU.Build.0 = Debug|Any CPU
		{0AAD1080-1475-45A2-AB49-06AC34740324}.Release|Any CPU.ActiveCfg = Release|Any CPU
		{0AAD1080-1475-45A2-AB49-06AC34740324}.Release|Any CPU.Build.0 = Release|Any CPU
		{C8D70B6D-6EFC-4778-A541-CC55D9D02F38}.Debug|Any CPU.ActiveCfg = Debug|Any CPU
		{C8D70B6D-6EFC-4778-A541-CC55D9D02F38}.Debug|Any CPU.Build.0 = Debug|Any CPU
		{C8D70B6D-6EFC-4778-A541-CC55D9D02F38}.Release|Any CPU.ActiveCfg = Release|Any CPU
		{C8D70B6D-6EFC-4778-A541-CC55D9D02F38}.Release|Any CPU.Build.0 = Release|Any CPU
		{2221D993-5E27-448B-AF09-BCEDE4CFFEAA}.Debug|Any CPU.ActiveCfg = Debug|Any CPU
		{2221D993-5E27-448B-AF09-BCEDE4CFFEAA}.Debug|Any CPU.Build.0 = Debug|Any CPU
		{2221D993-5E27-448B-AF09-BCEDE4CFFEAA}.Release|Any CPU.ActiveCfg = Release|Any CPU
		{2221D993-5E27-448B-AF09-BCEDE4CFFEAA}.Release|Any CPU.Build.0 = Release|Any CPU
		{97CDE61B-8C69-412D-91B9-D61F1DEA0987}.Debug|Any CPU.ActiveCfg = Debug|Any CPU
		{97CDE61B-8C69-412D-91B9-D61F1DEA0987}.Debug|Any CPU.Build.0 = Debug|Any CPU
		{97CDE61B-8C69-412D-91B9-D61F1DEA0987}.Release|Any CPU.ActiveCfg = Release|Any CPU
		{97CDE61B-8C69-412D-91B9-D61F1DEA0987}.Release|Any CPU.Build.0 = Release|Any CPU
		{6C8BA3E6-4EBA-445D-96BC-96ADFC7D7450}.Debug|Any CPU.ActiveCfg = Debug|Any CPU
		{6C8BA3E6-4EBA-445D-96BC-96ADFC7D7450}.Debug|Any CPU.Build.0 = Debug|Any CPU
		{6C8BA3E6-4EBA-445D-96BC-96ADFC7D7450}.Release|Any CPU.ActiveCfg = Release|Any CPU
		{6C8BA3E6-4EBA-445D-96BC-96ADFC7D7450}.Release|Any CPU.Build.0 = Release|Any CPU
		{93D8DE43-1881-40A2-B865-8805E3C1BE2A}.Debug|Any CPU.ActiveCfg = Debug|Any CPU
		{93D8DE43-1881-40A2-B865-8805E3C1BE2A}.Debug|Any CPU.Build.0 = Debug|Any CPU
		{93D8DE43-1881-40A2-B865-8805E3C1BE2A}.Release|Any CPU.ActiveCfg = Release|Any CPU
		{93D8DE43-1881-40A2-B865-8805E3C1BE2A}.Release|Any CPU.Build.0 = Release|Any CPU
		{E809B957-2EAC-447B-A798-CBF4DBA9F6FD}.Debug|Any CPU.ActiveCfg = Debug|Any CPU
		{E809B957-2EAC-447B-A798-CBF4DBA9F6FD}.Debug|Any CPU.Build.0 = Debug|Any CPU
		{E809B957-2EAC-447B-A798-CBF4DBA9F6FD}.Release|Any CPU.ActiveCfg = Release|Any CPU
		{E809B957-2EAC-447B-A798-CBF4DBA9F6FD}.Release|Any CPU.Build.0 = Release|Any CPU
	EndGlobalSection
	GlobalSection(SolutionProperties) = preSolution
		HideSolutionNode = FALSE
	EndGlobalSection
	GlobalSection(NestedProjects) = preSolution
		{1C5E7D1F-CAD8-4F4D-B3C6-B148C004158C} = {134C7D85-8D73-4D48-8BC1-898A022B181D}
		{9D1DDFFE-7EEE-47B1-A48C-BB4229013E15} = {B0FEDF17-CC06-4CF8-B3C8-3C620D04613C}
		{0AAD1080-1475-45A2-AB49-06AC34740324} = {B0FEDF17-CC06-4CF8-B3C8-3C620D04613C}
		{C8D70B6D-6EFC-4778-A541-CC55D9D02F38} = {134C7D85-8D73-4D48-8BC1-898A022B181D}
		{2221D993-5E27-448B-AF09-BCEDE4CFFEAA} = {134C7D85-8D73-4D48-8BC1-898A022B181D}
		{97CDE61B-8C69-412D-91B9-D61F1DEA0987} = {1C5E7D1F-CAD8-4F4D-B3C6-B148C004158C}
		{6C8BA3E6-4EBA-445D-96BC-96ADFC7D7450} = {1C5E7D1F-CAD8-4F4D-B3C6-B148C004158C}
		{93D8DE43-1881-40A2-B865-8805E3C1BE2A} = {6ADA035F-1021-4109-9121-88A1B03F9C31}
		{E809B957-2EAC-447B-A798-CBF4DBA9F6FD} = {6ADA035F-1021-4109-9121-88A1B03F9C31}
	EndGlobalSection
	GlobalSection(ExtensibilityGlobals) = postSolution
		SolutionGuid = {7731D834-C350-44BD-AF74-1374BD44DC1E}
	EndGlobalSection
EndGlobal
