
Microsoft Visual Studio Solution File, Format Version 12.00
# Visual Studio 14
VisualStudioVersion = 14.0.25123.0
MinimumVisualStudioVersion = 10.0.40219.1
Project("{2150E333-8FDC-42A3-9474-1A3956D46DE8}") = "src", "src", "{B0FEDF17-CC06-4CF8-B3C8-3C620D04613C}"
EndProject
Project("{2150E333-8FDC-42A3-9474-1A3956D46DE8}") = "Solution Items", "Solution Items", "{1D1F28D2-F3A4-4C09-A8D2-0A925E7D8048}"
	ProjectSection(SolutionItems) = preProject
		global.json = global.json
	EndProjectSection
EndProject
Project("{8BB2217D-0F2D-49D1-97BC-3654ED321F3B}") = "ExplicitlyImpl.AspNetCore.Mvc.FluentActions", "src\ExplicitlyImpl.AspNetCore.Mvc.FluentActions\ExplicitlyImpl.AspNetCore.Mvc.FluentActions.xproj", "{9D1DDFFE-7EEE-47B1-A48C-BB4229013E15}"
EndProject
Project("{8BB2217D-0F2D-49D1-97BC-3654ED321F3B}") = "ExplicitlyImpl.AspNetCore.Mvc.FluentActions.Core", "src\ExplicitlyImpl.AspNetCore.Mvc.FluentActions.Core\ExplicitlyImpl.AspNetCore.Mvc.FluentActions.Core.xproj", "{0AAD1080-1475-45A2-AB49-06AC34740324}"
EndProject
Project("{2150E333-8FDC-42A3-9474-1A3956D46DE8}") = "test", "test", "{134C7D85-8D73-4D48-8BC1-898A022B181D}"
EndProject
Project("{2150E333-8FDC-42A3-9474-1A3956D46DE8}") = "WebApps", "WebApps", "{1C5E7D1F-CAD8-4F4D-B3C6-B148C004158C}"
EndProject
Project("{8BB2217D-0F2D-49D1-97BC-3654ED321F3B}") = "SimpleWebApi", "test\WebSites\SimpleWebApi\SimpleWebApi.xproj", "{E95DB101-917E-40DA-9DB7-BDA4298420C2}"
EndProject
Project("{8BB2217D-0F2D-49D1-97BC-3654ED321F3B}") = "SimpleMvcWithViews", "test\WebSites\SimpleMvcWithViews\SimpleMvcWithViews.xproj", "{29AC08DA-1213-413F-9BA9-BA1C56CD3C86}"
EndProject
Project("{8BB2217D-0F2D-49D1-97BC-3654ED321F3B}") = "ExplicitlyImpl.FluentActions.Test.UnitTests", "test\ExplicitlyImpl.FluentActions.Test.UnitTests\ExplicitlyImpl.FluentActions.Test.UnitTests.xproj", "{C8D70B6D-6EFC-4778-A541-CC55D9D02F38}"
EndProject
Global
	GlobalSection(SolutionConfigurationPlatforms) = preSolution
		Debug|Any CPU = Debug|Any CPU
		Release|Any CPU = Release|Any CPU
	EndGlobalSection
	GlobalSection(ProjectConfigurationPlatforms) = postSolution
		{9D1DDFFE-7EEE-47B1-A48C-BB4229013E15}.Debug|Any CPU.ActiveCfg = Debug|Any CPU
		{9D1DDFFE-7EEE-47B1-A48C-BB4229013E15}.Debug|Any CPU.Build.0 = Debug|Any CPU
		{9D1DDFFE-7EEE-47B1-A48C-BB4229013E15}.Release|Any CPU.ActiveCfg = Release|Any CPU
		{9D1DDFFE-7EEE-47B1-A48C-BB4229013E15}.Release|Any CPU.Build.0 = Release|Any CPU
		{0AAD1080-1475-45A2-AB49-06AC34740324}.Debug|Any CPU.ActiveCfg = Debug|Any CPU
		{0AAD1080-1475-45A2-AB49-06AC34740324}.Debug|Any CPU.Build.0 = Debug|Any CPU
		{0AAD1080-1475-45A2-AB49-06AC34740324}.Release|Any CPU.ActiveCfg = Release|Any CPU
		{0AAD1080-1475-45A2-AB49-06AC34740324}.Release|Any CPU.Build.0 = Release|Any CPU
		{E95DB101-917E-40DA-9DB7-BDA4298420C2}.Debug|Any CPU.ActiveCfg = Debug|Any CPU
		{E95DB101-917E-40DA-9DB7-BDA4298420C2}.Debug|Any CPU.Build.0 = Debug|Any CPU
		{E95DB101-917E-40DA-9DB7-BDA4298420C2}.Release|Any CPU.ActiveCfg = Release|Any CPU
		{E95DB101-917E-40DA-9DB7-BDA4298420C2}.Release|Any CPU.Build.0 = Release|Any CPU
		{29AC08DA-1213-413F-9BA9-BA1C56CD3C86}.Debug|Any CPU.ActiveCfg = Debug|Any CPU
		{29AC08DA-1213-413F-9BA9-BA1C56CD3C86}.Debug|Any CPU.Build.0 = Debug|Any CPU
		{29AC08DA-1213-413F-9BA9-BA1C56CD3C86}.Release|Any CPU.ActiveCfg = Release|Any CPU
		{29AC08DA-1213-413F-9BA9-BA1C56CD3C86}.Release|Any CPU.Build.0 = Release|Any CPU
		{C8D70B6D-6EFC-4778-A541-CC55D9D02F38}.Debug|Any CPU.ActiveCfg = Debug|Any CPU
		{C8D70B6D-6EFC-4778-A541-CC55D9D02F38}.Debug|Any CPU.Build.0 = Debug|Any CPU
		{C8D70B6D-6EFC-4778-A541-CC55D9D02F38}.Release|Any CPU.ActiveCfg = Release|Any CPU
		{C8D70B6D-6EFC-4778-A541-CC55D9D02F38}.Release|Any CPU.Build.0 = Release|Any CPU
	EndGlobalSection
	GlobalSection(SolutionProperties) = preSolution
		HideSolutionNode = FALSE
	EndGlobalSection
	GlobalSection(NestedProjects) = preSolution
		{9D1DDFFE-7EEE-47B1-A48C-BB4229013E15} = {B0FEDF17-CC06-4CF8-B3C8-3C620D04613C}
		{0AAD1080-1475-45A2-AB49-06AC34740324} = {B0FEDF17-CC06-4CF8-B3C8-3C620D04613C}
		{1C5E7D1F-CAD8-4F4D-B3C6-B148C004158C} = {134C7D85-8D73-4D48-8BC1-898A022B181D}
		{E95DB101-917E-40DA-9DB7-BDA4298420C2} = {1C5E7D1F-CAD8-4F4D-B3C6-B148C004158C}
		{29AC08DA-1213-413F-9BA9-BA1C56CD3C86} = {1C5E7D1F-CAD8-4F4D-B3C6-B148C004158C}
		{C8D70B6D-6EFC-4778-A541-CC55D9D02F38} = {134C7D85-8D73-4D48-8BC1-898A022B181D}
	EndGlobalSection
EndGlobal
